
Microsoft Visual Studio Solution File, Format Version 12.00
# Visual Studio Version 16
VisualStudioVersion = 16.0.31605.320
MinimumVisualStudioVersion = 10.0.40219.1
Project("{FAE04EC0-301F-11D3-BF4B-00C04F79EFBC}") = "DiplomProject", "DiplomProject\DiplomProject.csproj", "{88750DCA-C991-4955-AB99-6DC913226738}"
EndProject
Global
	GlobalSection(SolutionConfigurationPlatforms) = preSolution
		Debug|Any CPU = Debug|Any CPU
		Release|Any CPU = Release|Any CPU
	EndGlobalSection
	GlobalSection(ProjectConfigurationPlatforms) = postSolution
		{88750DCA-C991-4955-AB99-6DC913226738}.Debug|Any CPU.ActiveCfg = Debug|Any CPU
		{88750DCA-C991-4955-AB99-6DC913226738}.Debug|Any CPU.Build.0 = Debug|Any CPU
		{88750DCA-C991-4955-AB99-6DC913226738}.Release|Any CPU.ActiveCfg = Release|Any CPU
		{88750DCA-C991-4955-AB99-6DC913226738}.Release|Any CPU.Build.0 = Release|Any CPU
	EndGlobalSection
	GlobalSection(SolutionProperties) = preSolution
		HideSolutionNode = FALSE
	EndGlobalSection
	GlobalSection(ExtensibilityGlobals) = postSolution
		SolutionGuid = {4090A35C-0450-47F8-B15E-9FF491D45011}
	EndGlobalSection
EndGlobal
